// !$*UTF8*$!
{
	archiveVersion = 1;
	classes = {
	};
	objectVersion = 50;
	objects = {

/* Begin PBXBuildFile section */
		AC86A982232A2F2D00809DB5 /* AppDelegate.m in Sources */ = {isa = PBXBuildFile; fileRef = AC86A981232A2F2D00809DB5 /* AppDelegate.m */; };
		AC86A985232A2F2D00809DB5 /* ViewController.m in Sources */ = {isa = PBXBuildFile; fileRef = AC86A984232A2F2D00809DB5 /* ViewController.m */; };
		AC86A988232A2F2D00809DB5 /* Main.storyboard in Resources */ = {isa = PBXBuildFile; fileRef = AC86A986232A2F2D00809DB5 /* Main.storyboard */; };
		AC86A98A232A2F2E00809DB5 /* Assets.xcassets in Resources */ = {isa = PBXBuildFile; fileRef = AC86A989232A2F2E00809DB5 /* Assets.xcassets */; };
		AC86A98D232A2F2E00809DB5 /* LaunchScreen.storyboard in Resources */ = {isa = PBXBuildFile; fileRef = AC86A98B232A2F2E00809DB5 /* LaunchScreen.storyboard */; };
		AC86A990232A2F2E00809DB5 /* main.m in Sources */ = {isa = PBXBuildFile; fileRef = AC86A98F232A2F2E00809DB5 /* main.m */; };
		AC86AA0B232A494C00809DB5 /* 0x0ss_3.jpeg in Resources */ = {isa = PBXBuildFile; fileRef = AC86AA0A232A494C00809DB5 /* 0x0ss_3.jpeg */; };
/* End PBXBuildFile section */

/* Begin PBXFileReference section */
		AC86A97D232A2F2C00809DB5 /* TableViewPullDownHandleHeader.app */ = {isa = PBXFileReference; explicitFileType = wrapper.application; includeInIndex = 0; path = TableViewPullDownHandleHeader.app; sourceTree = BUILT_PRODUCTS_DIR; };
		AC86A980232A2F2D00809DB5 /* AppDelegate.h */ = {isa = PBXFileReference; lastKnownFileType = sourcecode.c.h; path = AppDelegate.h; sourceTree = "<group>"; };
		AC86A981232A2F2D00809DB5 /* AppDelegate.m */ = {isa = PBXFileReference; lastKnownFileType = sourcecode.c.objc; path = AppDelegate.m; sourceTree = "<group>"; };
		AC86A983232A2F2D00809DB5 /* ViewController.h */ = {isa = PBXFileReference; lastKnownFileType = sourcecode.c.h; path = ViewController.h; sourceTree = "<group>"; };
		AC86A984232A2F2D00809DB5 /* ViewController.m */ = {isa = PBXFileReference; lastKnownFileType = sourcecode.c.objc; path = ViewController.m; sourceTree = "<group>"; };
		AC86A987232A2F2D00809DB5 /* Base */ = {isa = PBXFileReference; lastKnownFileType = file.storyboard; name = Base; path = Base.lproj/Main.storyboard; sourceTree = "<group>"; };
		AC86A989232A2F2E00809DB5 /* Assets.xcassets */ = {isa = PBXFileReference; lastKnownFileType = folder.assetcatalog; path = Assets.xcassets; sourceTree = "<group>"; };
		AC86A98C232A2F2E00809DB5 /* Base */ = {isa = PBXFileReference; lastKnownFileType = file.storyboard; name = Base; path = Base.lproj/LaunchScreen.storyboard; sourceTree = "<group>"; };
		AC86A98E232A2F2E00809DB5 /* Info.plist */ = {isa = PBXFileReference; lastKnownFileType = text.plist.xml; path = Info.plist; sourceTree = "<group>"; };
		AC86A98F232A2F2E00809DB5 /* main.m */ = {isa = PBXFileReference; lastKnownFileType = sourcecode.c.objc; path = main.m; sourceTree = "<group>"; };
		AC86AA0A232A494C00809DB5 /* 0x0ss_3.jpeg */ = {isa = PBXFileReference; lastKnownFileType = image.jpeg; path = 0x0ss_3.jpeg; sourceTree = "<group>"; };
/* End PBXFileReference section */

/* Begin PBXFrameworksBuildPhase section */
		AC86A97A232A2F2C00809DB5 /* Frameworks */ = {
			isa = PBXFrameworksBuildPhase;
			buildActionMask = 2147483647;
			files = (
			);
			runOnlyForDeploymentPostprocessing = 0;
		};
/* End PBXFrameworksBuildPhase section */

/* Begin PBXGroup section */
		AC86A974232A2F2C00809DB5 = {
			isa = PBXGroup;
			children = (
				AC86A97F232A2F2D00809DB5 /* TableViewPullDownHandleHeader */,
				AC86A97E232A2F2C00809DB5 /* Products */,
			);
			sourceTree = "<group>";
		};
		AC86A97E232A2F2C00809DB5 /* Products */ = {
			isa = PBXGroup;
			children = (
				AC86A97D232A2F2C00809DB5 /* TableViewPullDownHandleHeader.app */,
			);
			name = Products;
			sourceTree = "<group>";
		};
		AC86A97F232A2F2D00809DB5 /* TableViewPullDownHandleHeader */ = {
			isa = PBXGroup;
			children = (
				AC86AA0A232A494C00809DB5 /* 0x0ss_3.jpeg */,
				AC86A980232A2F2D00809DB5 /* AppDelegate.h */,
				AC86A981232A2F2D00809DB5 /* AppDelegate.m */,
				AC86A983232A2F2D00809DB5 /* ViewController.h */,
				AC86A984232A2F2D00809DB5 /* ViewController.m */,
				AC86A986232A2F2D00809DB5 /* Main.storyboard */,
				AC86A989232A2F2E00809DB5 /* Assets.xcassets */,
				AC86A98B232A2F2E00809DB5 /* LaunchScreen.storyboard */,
				AC86A98E232A2F2E00809DB5 /* Info.plist */,
				AC86A98F232A2F2E00809DB5 /* main.m */,
			);
			path = TableViewPullDownHandleHeader;
			sourceTree = "<group>";
		};
/* End PBXGroup section */

/* Begin PBXNativeTarget section */
		AC86A97C232A2F2C00809DB5 /* TableViewPullDownHandleHeader */ = {
			isa = PBXNativeTarget;
			buildConfigurationList = AC86A993232A2F2E00809DB5 /* Build configuration list for PBXNativeTarget "TableViewPullDownHandleHeader" */;
			buildPhases = (
				AC86A979232A2F2C00809DB5 /* Sources */,
				AC86A97A232A2F2C00809DB5 /* Frameworks */,
				AC86A97B232A2F2C00809DB5 /* Resources */,
			);
			buildRules = (
			);
			dependencies = (
			);
			name = TableViewPullDownHandleHeader;
			productName = TableViewPullDownHandleHeader;
			productReference = AC86A97D232A2F2C00809DB5 /* TableViewPullDownHandleHeader.app */;
			productType = "com.apple.product-type.application";
		};
/* End PBXNativeTarget section */

/* Begin PBXProject section */
		AC86A975232A2F2C00809DB5 /* Project object */ = {
			isa = PBXProject;
			attributes = {
				LastUpgradeCheck = 1010;
				ORGANIZATIONNAME = HaoHuoBan;
				TargetAttributes = {
					AC86A97C232A2F2C00809DB5 = {
						CreatedOnToolsVersion = 10.1;
					};
				};
			};
			buildConfigurationList = AC86A978232A2F2C00809DB5 /* Build configuration list for PBXProject "TableViewPullDownHandleHeader" */;
			compatibilityVersion = "Xcode 9.3";
			developmentRegion = en;
			hasScannedForEncodings = 0;
			knownRegions = (
				en,
				Base,
			);
			mainGroup = AC86A974232A2F2C00809DB5;
			productRefGroup = AC86A97E232A2F2C00809DB5 /* Products */;
			projectDirPath = "";
			projectRoot = "";
			targets = (
				AC86A97C232A2F2C00809DB5 /* TableViewPullDownHandleHeader */,
			);
		};
/* End PBXProject section */

/* Begin PBXResourcesBuildPhase section */
		AC86A97B232A2F2C00809DB5 /* Resources */ = {
			isa = PBXResourcesBuildPhase;
			buildActionMask = 2147483647;
			files = (
				AC86AA0B232A494C00809DB5 /* 0x0ss_3.jpeg in Resources */,
				AC86A98D232A2F2E00809DB5 /* LaunchScreen.storyboard in Resources */,
				AC86A98A232A2F2E00809DB5 /* Assets.xcassets in Resources */,
				AC86A988232A2F2D00809DB5 /* Main.storyboard in Resources */,
			);
			runOnlyForDeploymentPostprocessing = 0;
		};
/* End PBXResourcesBuildPhase section */

/* Begin PBXSourcesBuildPhase section */
		AC86A979232A2F2C00809DB5 /* Sources */ = {
			isa = PBXSourcesBuildPhase;
			buildActionMask = 2147483647;
			files = (
				AC86A985232A2F2D00809DB5 /* ViewController.m in Sources */,
				AC86A990232A2F2E00809DB5 /* main.m in Sources */,
				AC86A982232A2F2D00809DB5 /* AppDelegate.m in Sources */,
			);
			runOnlyForDeploymentPostprocessing = 0;
		};
/* End PBXSourcesBuildPhase section */

/* Begin PBXVariantGroup section */
		AC86A986232A2F2D00809DB5 /* Main.storyboard */ = {
			isa = PBXVariantGroup;
			children = (
				AC86A987232A2F2D00809DB5 /* Base */,
			);
			name = Main.storyboard;
			sourceTree = "<group>";
		};
		AC86A98B232A2F2E00809DB5 /* LaunchScreen.storyboard */ = {
			isa = PBXVariantGroup;
			children = (
				AC86A98C232A2F2E00809DB5 /* Base */,
			);
			name = LaunchScreen.storyboard;
			sourceTree = "<group>";
		};
/* End PBXVariantGroup section */

/* Begin XCBuildConfiguration section */
		AC86A991232A2F2E00809DB5 /* Debug */ = {
			isa = XCBuildConfiguration;
			buildSettings = {
				ALWAYS_SEARCH_USER_PATHS = NO;
				CLANG_ANALYZER_NONNULL = YES;
				CLANG_ANALYZER_NUMBER_OBJECT_CONVERSION = YES_AGGRESSIVE;
				CLANG_CXX_LANGUAGE_STANDARD = "gnu++14";
				CLANG_CXX_LIBRARY = "libc++";
				CLANG_ENABLE_MODULES = YES;
				CLANG_ENABLE_OBJC_ARC = YES;
				CLANG_ENABLE_OBJC_WEAK = YES;
				CLANG_WARN_BLOCK_CAPTURE_AUTORELEASING = YES;
				CLANG_WARN_BOOL_CONVERSION = YES;
				CLANG_WARN_COMMA = YES;
				CLANG_WARN_CONSTANT_CONVERSION = YES;
				CLANG_WARN_DEPRECATED_OBJC_IMPLEMENTATIONS = YES;
				CLANG_WARN_DIRECT_OBJC_ISA_USAGE = YES_ERROR;
				CLANG_WARN_DOCUMENTATION_COMMENTS = YES;
				CLANG_WARN_EMPTY_BODY = YES;
				CLANG_WARN_ENUM_CONVERSION = YES;
				CLANG_WARN_INFINITE_RECURSION = YES;
				CLANG_WARN_INT_CONVERSION = YES;
				CLANG_WARN_NON_LITERAL_NULL_CONVERSION = YES;
				CLANG_WARN_OBJC_IMPLICIT_RETAIN_SELF = YES;
				CLANG_WARN_OBJC_LITERAL_CONVERSION = YES;
				CLANG_WARN_OBJC_ROOT_CLASS = YES_ERROR;
				CLANG_WARN_RANGE_LOOP_ANALYSIS = YES;
				CLANG_WARN_STRICT_PROTOTYPES = YES;
				CLANG_WARN_SUSPICIOUS_MOVE = YES;
				CLANG_WARN_UNGUARDED_AVAILABILITY = YES_AGGRESSIVE;
				CLANG_WARN_UNREACHABLE_CODE = YES;
				CLANG_WARN__DUPLICATE_METHOD_MATCH = YES;
				CODE_SIGN_IDENTITY = "iPhone Developer";
				COPY_PHASE_STRIP = NO;
				DEBUG_INFORMATION_FORMAT = dwarf;
				ENABLE_STRICT_OBJC_MSGSEND = YES;
				ENABLE_TESTABILITY = YES;
				GCC_C_LANGUAGE_STANDARD = gnu11;
				GCC_DYNAMIC_NO_PIC = NO;
				GCC_NO_COMMON_BLOCKS = YES;
				GCC_OPTIMIZATION_LEVEL = 0;
				GCC_PREPROCESSOR_DEFINITIONS = (
					"DEBUG=1",
					"$(inherited)",
				);
				GCC_WARN_64_TO_32_BIT_CONVERSION = YES;
				GCC_WARN_ABOUT_RETURN_TYPE = YES_ERROR;
				GCC_WARN_UNDECLARED_SELECTOR = YES;
				GCC_WARN_UNINITIALIZED_AUTOS = YES_AGGRESSIVE;
				GCC_WARN_UNUSED_FUNCTION = YES;
				GCC_WARN_UNUSED_VARIABLE = YES;
				IPHONEOS_DEPLOYMENT_TARGET = 12.1;
				MTL_ENABLE_DEBUG_INFO = INCLUDE_SOURCE;
				MTL_FAST_MATH = YES;
				ONLY_ACTIVE_ARCH = YES;
				SDKROOT = iphoneos;
			};
			name = Debug;
		};
		AC86A992232A2F2E00809DB5 /* Release */ = {
			isa = XCBuildConfiguration;
			buildSettings = {
				ALWAYS_SEARCH_USER_PATHS = NO;
				CLANG_ANALYZER_NONNULL = YES;
				CLANG_ANALYZER_NUMBER_OBJECT_CONVERSION = YES_AGGRESSIVE;
				CLANG_CXX_LANGUAGE_STANDARD = "gnu++14";
				CLANG_CXX_LIBRARY = "libc++";
				CLANG_ENABLE_MODULES = YES;
				CLANG_ENABLE_OBJC_ARC = YES;
				CLANG_ENABLE_OBJC_WEAK = YES;
				CLANG_WARN_BLOCK_CAPTURE_AUTORELEASING = YES;
				CLANG_WARN_BOOL_CONVERSION = YES;
				CLANG_WARN_COMMA = YES;
				CLANG_WARN_CONSTANT_CONVERSION = YES;
				CLANG_WARN_DEPRECATED_OBJC_IMPLEMENTATIONS = YES;
				CLANG_WARN_DIRECT_OBJC_ISA_USAGE = YES_ERROR;
				CLANG_WARN_DOCUMENTATION_COMMENTS = YES;
				CLANG_WARN_EMPTY_BODY = YES;
				CLANG_WARN_ENUM_CONVERSION = YES;
				CLANG_WARN_INFINITE_RECURSION = YES;
				CLANG_WARN_INT_CONVERSION = YES;
				CLANG_WARN_NON_LITERAL_NULL_CONVERSION = YES;
				CLANG_WARN_OBJC_IMPLICIT_RETAIN_SELF = YES;
				CLANG_WARN_OBJC_LITERAL_CONVERSION = YES;
				CLANG_WARN_OBJC_ROOT_CLASS = YES_ERROR;
				CLANG_WARN_RANGE_LOOP_ANALYSIS = YES;
				CLANG_WARN_STRICT_PROTOTYPES = YES;
				CLANG_WARN_SUSPICIOUS_MOVE = YES;
				CLANG_WARN_UNGUARDED_AVAILABILITY = YES_AGGRESSIVE;
				CLANG_WARN_UNREACHABLE_CODE = YES;
				CLANG_WARN__DUPLICATE_METHOD_MATCH = YES;
				CODE_SIGN_IDENTITY = "iPhone Developer";
				COPY_PHASE_STRIP = NO;
				DEBUG_INFORMATION_FORMAT = "dwarf-with-dsym";
				ENABLE_NS_ASSERTIONS = NO;
				ENABLE_STRICT_OBJC_MSGSEND = YES;
				GCC_C_LANGUAGE_STANDARD = gnu11;
				GCC_NO_COMMON_BLOCKS = YES;
				GCC_WARN_64_TO_32_BIT_CONVERSION = YES;
				GCC_WARN_ABOUT_RETURN_TYPE = YES_ERROR;
				GCC_WARN_UNDECLARED_SELECTOR = YES;
				GCC_WARN_UNINITIALIZED_AUTOS = YES_AGGRESSIVE;
				GCC_WARN_UNUSED_FUNCTION = YES;
				GCC_WARN_UNUSED_VARIABLE = YES;
				IPHONEOS_DEPLOYMENT_TARGET = 12.1;
				MTL_ENABLE_DEBUG_INFO = NO;
				MTL_FAST_MATH = YES;
				SDKROOT = iphoneos;
				VALIDATE_PRODUCT = YES;
			};
			name = Release;
		};
		AC86A994232A2F2E00809DB5 /* Debug */ = {
			isa = XCBuildConfiguration;
			buildSettings = {
				ASSETCATALOG_COMPILER_APPICON_NAME = AppIcon;
				CODE_SIGN_STYLE = Automatic;
				DEVELOPMENT_TEAM = 6PU7HJG232;
				INFOPLIST_FILE = TableViewPullDownHandleHeader/Info.plist;
				LD_RUNPATH_SEARCH_PATHS = (
					"$(inherited)",
					"@executable_path/Frameworks",
				);
				PRODUCT_BUNDLE_IDENTIFIER = com.driver.TableViewPullDownHandleHeader;
				PRODUCT_NAME = "$(TARGET_NAME)";
				TARGETED_DEVICE_FAMILY = "1,2";
			};
			name = Debug;
		};
		AC86A995232A2F2E00809DB5 /* Release */ = {
			isa = XCBuildConfiguration;
			buildSettings = {
				ASSETCATALOG_COMPILER_APPICON_NAME = AppIcon;
				CODE_SIGN_STYLE = Automatic;
				DEVELOPMENT_TEAM = 6PU7HJG232;
				INFOPLIST_FILE = TableViewPullDownHandleHeader/Info.plist;
				LD_RUNPATH_SEARCH_PATHS = (
					"$(inherited)",
					"@executable_path/Frameworks",
				);
				PRODUCT_BUNDLE_IDENTIFIER = com.driver.TableViewPullDownHandleHeader;
				PRODUCT_NAME = "$(TARGET_NAME)";
				TARGETED_DEVICE_FAMILY = "1,2";
			};
			name = Release;
		};
/* End XCBuildConfiguration section */

/* Begin XCConfigurationList section */
		AC86A978232A2F2C00809DB5 /* Build configuration list for PBXProject "TableViewPullDownHandleHeader" */ = {
			isa = XCConfigurationList;
			buildConfigurations = (
				AC86A991232A2F2E00809DB5 /* Debug */,
				AC86A992232A2F2E00809DB5 /* Release */,
			);
			defaultConfigurationIsVisible = 0;
			defaultConfigurationName = Release;
		};
		AC86A993232A2F2E00809DB5 /* Build configuration list for PBXNativeTarget "TableViewPullDownHandleHeader" */ = {
			isa = XCConfigurationList;
			buildConfigurations = (
				AC86A994232A2F2E00809DB5 /* Debug */,
				AC86A995232A2F2E00809DB5 /* Release */,
			);
			defaultConfigurationIsVisible = 0;
			defaultConfigurationName = Release;
		};
/* End XCConfigurationList section */
	};
	rootObject = AC86A975232A2F2C00809DB5 /* Project object */;
}
